<?xml version="1.0" encoding="utf-8"?>
<Project ToolsVersion="16.0" xmlns="http://schemas.microsoft.com/developer/msbuild/2003">
  <ItemGroup>
    <CustomBuild Include="D:\HACKERMAN\programing\libraries\jsoncpp-master\CMakeFiles\d7ca06c09b94e39d98699fc13e6118e2\Nightly.rule">
      <Filter>CMake Rules</Filter>
    </CustomBuild>
    <CustomBuild Include="D:\HACKERMAN\programing\libraries\jsoncpp-master\jsoncpp-master\CMakeLists.txt" />
  </ItemGroup>
  <ItemGroup>
    <None Include="D:\HACKERMAN\programing\libraries\jsoncpp-master\CMakeFiles\Nightly" />
  </ItemGroup>
  <ItemGroup>
    <Filter Include="CMake Rules">
      <UniqueIdentifier>{3CC15DC2-F039-3F77-87BD-E58F7514CA18}</UniqueIdentifier>
    </Filter>
  </ItemGroup>
</Project>
