<?xml version="1.0" encoding="utf-8"?>
<Project ToolsVersion="16.0" xmlns="http://schemas.microsoft.com/developer/msbuild/2003">
  <ItemGroup>
    <ClCompile Include="D:\HACKERMAN\programing\libraries\jsoncpp-master\jsoncpp-master\src\lib_json\json_reader.cpp">
      <Filter>Source Files</Filter>
    </ClCompile>
    <ClCompile Include="D:\HACKERMAN\programing\libraries\jsoncpp-master\jsoncpp-master\src\lib_json\json_value.cpp">
      <Filter>Source Files</Filter>
    </ClCompile>
    <ClCompile Include="D:\HACKERMAN\programing\libraries\jsoncpp-master\jsoncpp-master\src\lib_json\json_writer.cpp">
      <Filter>Source Files</Filter>
    </ClCompile>
  </ItemGroup>
  <ItemGroup>
    <ClInclude Include="D:\HACKERMAN\programing\libraries\jsoncpp-master\jsoncpp-master\include\json\config.h">
      <Filter>Public API</Filter>
    </ClInclude>
    <ClInclude Include="D:\HACKERMAN\programing\libraries\jsoncpp-master\jsoncpp-master\include\json\forwards.h">
      <Filter>Public API</Filter>
    </ClInclude>
    <ClInclude Include="D:\HACKERMAN\programing\libraries\jsoncpp-master\jsoncpp-master\include\json\json_features.h">
      <Filter>Public API</Filter>
    </ClInclude>
    <ClInclude Include="D:\HACKERMAN\programing\libraries\jsoncpp-master\jsoncpp-master\include\json\value.h">
      <Filter>Public API</Filter>
    </ClInclude>
    <ClInclude Include="D:\HACKERMAN\programing\libraries\jsoncpp-master\jsoncpp-master\include\json\reader.h">
      <Filter>Public API</Filter>
    </ClInclude>
    <ClInclude Include="D:\HACKERMAN\programing\libraries\jsoncpp-master\jsoncpp-master\include\json\version.h">
      <Filter>Public API</Filter>
    </ClInclude>
    <ClInclude Include="D:\HACKERMAN\programing\libraries\jsoncpp-master\jsoncpp-master\include\json\writer.h">
      <Filter>Public API</Filter>
    </ClInclude>
    <ClInclude Include="D:\HACKERMAN\programing\libraries\jsoncpp-master\jsoncpp-master\include\json\assertions.h">
      <Filter>Public API</Filter>
    </ClInclude>
    <ClInclude Include="D:\HACKERMAN\programing\libraries\jsoncpp-master\jsoncpp-master\src\lib_json\json_tool.h">
      <Filter>Header Files</Filter>
    </ClInclude>
    <ClInclude Include="D:\HACKERMAN\programing\libraries\jsoncpp-master\jsoncpp-master\src\lib_json\json_valueiterator.inl">
      <Filter>Header Files</Filter>
    </ClInclude>
  </ItemGroup>
  <ItemGroup>
    <CustomBuild Include="D:\HACKERMAN\programing\libraries\jsoncpp-master\jsoncpp-master\src\lib_json\CMakeLists.txt" />
  </ItemGroup>
  <ItemGroup>
    <Filter Include="Header Files">
      <UniqueIdentifier>{7A7A902F-CB85-3F09-8659-8AB7D97CF106}</UniqueIdentifier>
    </Filter>
    <Filter Include="Public API">
      <UniqueIdentifier>{455EDDFD-5939-37AB-9B15-6D92B17E4956}</UniqueIdentifier>
    </Filter>
    <Filter Include="Source Files">
      <UniqueIdentifier>{C63E56D3-CDC0-333C-9CD0-4298AD5025BA}</UniqueIdentifier>
    </Filter>
  </ItemGroup>
</Project>
