<?xml version="1.0" encoding="utf-8"?>
<Project ToolsVersion="4.0" xmlns="http://schemas.microsoft.com/developer/msbuild/2003">
  <ItemGroup>
    <Filter Include="Resource Files">
      <UniqueIdentifier>{67DA6AB6-F800-4c08-8B7A-83BB121AAD01}</UniqueIdentifier>
      <Extensions>rc;ico;cur;bmp;dlg;rc2;rct;bin;rgs;gif;jpg;jpeg;jpe;resx;tiff;tif;png;wav;mfcribbon-ms</Extensions>
    </Filter>
    <Filter Include="h">
      <UniqueIdentifier>{f95fa62b-b1e6-43db-8aa7-36049022d603}</UniqueIdentifier>
    </Filter>
    <Filter Include="h\SFML">
      <UniqueIdentifier>{a750927f-6e92-45e8-b52c-a186366d357e}</UniqueIdentifier>
    </Filter>
    <Filter Include="Fonts">
      <UniqueIdentifier>{a69672b5-f750-4ea9-a82b-4642ac6b1c32}</UniqueIdentifier>
    </Filter>
    <Filter Include="Source Files">
      <UniqueIdentifier>{4FC737F1-C7A5-4376-A066-2A32D752A2FF}</UniqueIdentifier>
      <Extensions>cpp;c;cc;cxx;c++;cppm;ixx;def;odl;idl;hpj;bat;asm;asmx</Extensions>
    </Filter>
    <Filter Include="Source Files\Virus">
      <UniqueIdentifier>{85a77971-b80d-483c-9e68-3096cc0cebcf}</UniqueIdentifier>
    </Filter>
    <Filter Include="Source Files\NPC">
      <UniqueIdentifier>{20a42c3e-fa72-4c3d-bed0-a11814a72edd}</UniqueIdentifier>
    </Filter>
    <Filter Include="Source Files\Simulari">
      <UniqueIdentifier>{29a4158f-14ef-4b46-b534-5c905ffd669c}</UniqueIdentifier>
    </Filter>
    <Filter Include="Source Files\Utilitare">
      <UniqueIdentifier>{7ce99aa2-080e-40b9-908f-4d7d04bce57d}</UniqueIdentifier>
    </Filter>
  </ItemGroup>
  <ItemGroup>
    <ClCompile Include="..\jsoncpp.cpp">
      <Filter>h</Filter>
    </ClCompile>
    <ClCompile Include="HeaderVirus.cpp">
      <Filter>Source Files\Virus</Filter>
    </ClCompile>
    <ClCompile Include="OmClass.cpp">
      <Filter>Source Files\NPC</Filter>
    </ClCompile>
    <ClCompile Include="Oras.cpp">
      <Filter>Source Files\NPC</Filter>
    </ClCompile>
    <ClCompile Include="HeaderSimulari.cpp">
      <Filter>Source Files\Simulari</Filter>
    </ClCompile>
    <ClCompile Include="SimulareScenariu1.cpp">
      <Filter>Source Files\Simulari</Filter>
    </ClCompile>
    <ClCompile Include="SimulareScenariuOras.cpp">
      <Filter>Source Files\Simulari</Filter>
    </ClCompile>
    <ClCompile Include="Buton.cpp">
      <Filter>Source Files\Utilitare</Filter>
    </ClCompile>
    <ClCompile Include="TextBox.cpp">
      <Filter>Source Files\Utilitare</Filter>
    </ClCompile>
    <ClCompile Include="EcranStart.cpp">
      <Filter>Source Files\Simulari</Filter>
    </ClCompile>
    <ClCompile Include="EcranAlegeri.cpp">
      <Filter>Source Files\Simulari</Filter>
    </ClCompile>
    <ClCompile Include="GenerareOras.cpp">
      <Filter>Source Files\NPC</Filter>
    </ClCompile>
    <ClCompile Include="CalatorOras.cpp">
      <Filter>Source Files\NPC</Filter>
    </ClCompile>
    <ClCompile Include="GenerareOameni.cpp">
      <Filter>Source Files\NPC</Filter>
    </ClCompile>
    <ClCompile Include="SimulatorLoader.cpp">
      <Filter>Source Files\Utilitare</Filter>
    </ClCompile>
  </ItemGroup>
  <ItemGroup>
    <ClInclude Include="..\..\..\..\..\HACKERMAN\programing\libraries\jsoncpp-master\jsoncpp-master\dist\json\json-forwards.h">
      <Filter>h</Filter>
    </ClInclude>
    <ClInclude Include="..\..\..\..\..\HACKERMAN\programing\libraries\jsoncpp-master\jsoncpp-master\dist\json\json.h">
      <Filter>h</Filter>
    </ClInclude>
    <ClInclude Include="..\SFML-2.5.1\include\SFML\Audio.hpp">
      <Filter>h\SFML</Filter>
    </ClInclude>
    <ClInclude Include="..\SFML-2.5.1\include\SFML\Config.hpp">
      <Filter>h\SFML</Filter>
    </ClInclude>
    <ClInclude Include="..\SFML-2.5.1\include\SFML\GpuPreference.hpp">
      <Filter>h\SFML</Filter>
    </ClInclude>
    <ClInclude Include="..\SFML-2.5.1\include\SFML\Graphics.hpp">
      <Filter>h\SFML</Filter>
    </ClInclude>
    <ClInclude Include="..\SFML-2.5.1\include\SFML\Main.hpp">
      <Filter>h\SFML</Filter>
    </ClInclude>
    <ClInclude Include="..\SFML-2.5.1\include\SFML\Network.hpp">
      <Filter>h\SFML</Filter>
    </ClInclude>
    <ClInclude Include="..\SFML-2.5.1\include\SFML\OpenGL.hpp">
      <Filter>h\SFML</Filter>
    </ClInclude>
    <ClInclude Include="..\SFML-2.5.1\include\SFML\System.hpp">
      <Filter>h\SFML</Filter>
    </ClInclude>
    <ClInclude Include="..\SFML-2.5.1\include\SFML\Window.hpp">
      <Filter>h\SFML</Filter>
    </ClInclude>
    <ClInclude Include="HeaderVirus.h">
      <Filter>Source Files\Virus</Filter>
    </ClInclude>
    <ClInclude Include="HeaderNpc.h">
      <Filter>Source Files\NPC</Filter>
    </ClInclude>
    <ClInclude Include="OmClass.h">
      <Filter>Source Files\NPC</Filter>
    </ClInclude>
    <ClInclude Include="Oras.h">
      <Filter>Source Files\NPC</Filter>
    </ClInclude>
    <ClInclude Include="HeaderSimulari.h">
      <Filter>Source Files\Simulari</Filter>
    </ClInclude>
    <ClInclude Include="Buton.h">
      <Filter>Source Files\Utilitare</Filter>
    </ClInclude>
    <ClInclude Include="TextBox.h">
      <Filter>Source Files\Utilitare</Filter>
    </ClInclude>
    <ClInclude Include="CalatorOras.h">
      <Filter>Source Files\NPC</Filter>
    </ClInclude>
    <ClInclude Include="SimulatorLoader.h">
      <Filter>Source Files\Utilitare</Filter>
    </ClInclude>
  </ItemGroup>
  <ItemGroup>
    <None Include="Date\data.json">
      <Filter>Resource Files</Filter>
    </None>
    <None Include="Date\nume.json">
      <Filter>Resource Files</Filter>
    </None>
    <None Include="Date\prenumeF.json">
      <Filter>Resource Files</Filter>
    </None>
    <None Include="Date\prenumeM.json">
      <Filter>Resource Files</Filter>
    </None>
    <None Include="Date\numeOrase.json">
      <Filter>Resource Files</Filter>
    </None>
  </ItemGroup>
  <ItemGroup>
    <Font Include="Fonts\KarmaFuture.ttf">
      <Filter>Fonts</Filter>
    </Font>
  </ItemGroup>
  <ItemGroup>
    <Text Include="test.txt">
      <Filter>Source Files\Utilitare</Filter>
    </Text>
  </ItemGroup>
</Project>